// !$*UTF8*$!
{
	archiveVersion = 1;
	classes = {
	};
	objectVersion = 50;
	objects = {

/* Begin PBXBuildFile section */
		05443ACB2543EA7800AAF0B8 /* AppDelegate.swift in Sources */ = {isa = PBXBuildFile; fileRef = 05443ACA2543EA7800AAF0B8 /* AppDelegate.swift */; };
		05443ACD2543EA7800AAF0B8 /* SceneDelegate.swift in Sources */ = {isa = PBXBuildFile; fileRef = 05443ACC2543EA7800AAF0B8 /* SceneDelegate.swift */; };
		05443AD22543EA7800AAF0B8 /* Main.storyboard in Resources */ = {isa = PBXBuildFile; fileRef = 05443AD02543EA7800AAF0B8 /* Main.storyboard */; };
		05443AD42543EA7A00AAF0B8 /* Assets.xcassets in Resources */ = {isa = PBXBuildFile; fileRef = 05443AD32543EA7A00AAF0B8 /* Assets.xcassets */; };
		05443AD72543EA7A00AAF0B8 /* LaunchScreen.storyboard in Resources */ = {isa = PBXBuildFile; fileRef = 05443AD52543EA7A00AAF0B8 /* LaunchScreen.storyboard */; };
		05443AE02543EAB200AAF0B8 /* WordsTableViewController.swift in Sources */ = {isa = PBXBuildFile; fileRef = 05443ADF2543EAB200AAF0B8 /* WordsTableViewController.swift */; };
		05443AE32543EADB00AAF0B8 /* DefinitionViewController.swift in Sources */ = {isa = PBXBuildFile; fileRef = 05443AE22543EADB00AAF0B8 /* DefinitionViewController.swift */; };
		05443AED2543EDB600AAF0B8 /* VocabularyWord.swift in Sources */ = {isa = PBXBuildFile; fileRef = 05443AEC2543EDB600AAF0B8 /* VocabularyWord.swift */; };
/* End PBXBuildFile section */

/* Begin PBXFileReference section */
		05443AC72543EA7800AAF0B8 /* Swift Vocabulary.app */ = {isa = PBXFileReference; explicitFileType = wrapper.application; includeInIndex = 0; path = "Swift Vocabulary.app"; sourceTree = BUILT_PRODUCTS_DIR; };
		05443ACA2543EA7800AAF0B8 /* AppDelegate.swift */ = {isa = PBXFileReference; lastKnownFileType = sourcecode.swift; path = AppDelegate.swift; sourceTree = "<group>"; };
		05443ACC2543EA7800AAF0B8 /* SceneDelegate.swift */ = {isa = PBXFileReference; lastKnownFileType = sourcecode.swift; path = SceneDelegate.swift; sourceTree = "<group>"; };
		05443AD12543EA7800AAF0B8 /* Base */ = {isa = PBXFileReference; lastKnownFileType = file.storyboard; name = Base; path = Base.lproj/Main.storyboard; sourceTree = "<group>"; };
		05443AD32543EA7A00AAF0B8 /* Assets.xcassets */ = {isa = PBXFileReference; lastKnownFileType = folder.assetcatalog; path = Assets.xcassets; sourceTree = "<group>"; };
		05443AD62543EA7A00AAF0B8 /* Base */ = {isa = PBXFileReference; lastKnownFileType = file.storyboard; name = Base; path = Base.lproj/LaunchScreen.storyboard; sourceTree = "<group>"; };
		05443AD82543EA7A00AAF0B8 /* Info.plist */ = {isa = PBXFileReference; lastKnownFileType = text.plist.xml; path = Info.plist; sourceTree = "<group>"; };
		05443ADF2543EAB200AAF0B8 /* WordsTableViewController.swift */ = {isa = PBXFileReference; lastKnownFileType = sourcecode.swift; path = WordsTableViewController.swift; sourceTree = "<group>"; };
		05443AE22543EADB00AAF0B8 /* DefinitionViewController.swift */ = {isa = PBXFileReference; lastKnownFileType = sourcecode.swift; path = DefinitionViewController.swift; sourceTree = "<group>"; };
		05443AEC2543EDB600AAF0B8 /* VocabularyWord.swift */ = {isa = PBXFileReference; lastKnownFileType = sourcecode.swift; path = VocabularyWord.swift; sourceTree = "<group>"; };
/* End PBXFileReference section */

/* Begin PBXFrameworksBuildPhase section */
		05443AC42543EA7800AAF0B8 /* Frameworks */ = {
			isa = PBXFrameworksBuildPhase;
			buildActionMask = 2147483647;
			files = (
			);
			runOnlyForDeploymentPostprocessing = 0;
		};
/* End PBXFrameworksBuildPhase section */

/* Begin PBXGroup section */
		05443ABE2543EA7700AAF0B8 = {
			isa = PBXGroup;
			children = (
				05443AC92543EA7800AAF0B8 /* Swift Vocabulary */,
				05443AC82543EA7800AAF0B8 /* Products */,
			);
			sourceTree = "<group>";
		};
		05443AC82543EA7800AAF0B8 /* Products */ = {
			isa = PBXGroup;
			children = (
				05443AC72543EA7800AAF0B8 /* Swift Vocabulary.app */,
			);
			name = Products;
			sourceTree = "<group>";
		};
		05443AC92543EA7800AAF0B8 /* Swift Vocabulary */ = {
			isa = PBXGroup;
			children = (
				05443AEF2543EDC200AAF0B8 /* Model */,
				05443AE62543EB0200AAF0B8 /* View Controllers */,
				05443AE82543EB2A00AAF0B8 /* Resources */,
				05443AEA2543EB3600AAF0B8 /* StoryBoards */,
				05443AD82543EA7A00AAF0B8 /* Info.plist */,
			);
			path = "Swift Vocabulary";
			sourceTree = "<group>";
		};
		05443AE62543EB0200AAF0B8 /* View Controllers */ = {
			isa = PBXGroup;
			children = (
				05443ADF2543EAB200AAF0B8 /* WordsTableViewController.swift */,
				05443AE22543EADB00AAF0B8 /* DefinitionViewController.swift */,
			);
			path = "View Controllers";
			sourceTree = "<group>";
		};
		05443AE82543EB2A00AAF0B8 /* Resources */ = {
			isa = PBXGroup;
			children = (
				05443ACA2543EA7800AAF0B8 /* AppDelegate.swift */,
				05443ACC2543EA7800AAF0B8 /* SceneDelegate.swift */,
				05443AD32543EA7A00AAF0B8 /* Assets.xcassets */,
			);
			path = Resources;
			sourceTree = "<group>";
		};
		05443AEA2543EB3600AAF0B8 /* StoryBoards */ = {
			isa = PBXGroup;
			children = (
				05443AD02543EA7800AAF0B8 /* Main.storyboard */,
				05443AD52543EA7A00AAF0B8 /* LaunchScreen.storyboard */,
			);
			path = StoryBoards;
			sourceTree = "<group>";
		};
		05443AEF2543EDC200AAF0B8 /* Model */ = {
			isa = PBXGroup;
			children = (
				05443AEC2543EDB600AAF0B8 /* VocabularyWord.swift */,
			);
			path = Model;
			sourceTree = "<group>";
		};
/* End PBXGroup section */

/* Begin PBXNativeTarget section */
		05443AC62543EA7800AAF0B8 /* Swift Vocabulary */ = {
			isa = PBXNativeTarget;
			buildConfigurationList = 05443ADB2543EA7A00AAF0B8 /* Build configuration list for PBXNativeTarget "Swift Vocabulary" */;
			buildPhases = (
				05443AC32543EA7800AAF0B8 /* Sources */,
				05443AC42543EA7800AAF0B8 /* Frameworks */,
				05443AC52543EA7800AAF0B8 /* Resources */,
			);
			buildRules = (
			);
			dependencies = (
			);
			name = "Swift Vocabulary";
			productName = "Swift Vocabulary";
			productReference = 05443AC72543EA7800AAF0B8 /* Swift Vocabulary.app */;
			productType = "com.apple.product-type.application";
		};
/* End PBXNativeTarget section */

/* Begin PBXProject section */
		05443ABF2543EA7700AAF0B8 /* Project object */ = {
			isa = PBXProject;
			attributes = {
				LastSwiftUpdateCheck = 1210;
				LastUpgradeCheck = 1210;
				TargetAttributes = {
					05443AC62543EA7800AAF0B8 = {
						CreatedOnToolsVersion = 12.1;
					};
				};
			};
			buildConfigurationList = 05443AC22543EA7700AAF0B8 /* Build configuration list for PBXProject "Swift Vocabulary" */;
			compatibilityVersion = "Xcode 9.3";
			developmentRegion = en;
			hasScannedForEncodings = 0;
			knownRegions = (
				en,
				Base,
			);
			mainGroup = 05443ABE2543EA7700AAF0B8;
			productRefGroup = 05443AC82543EA7800AAF0B8 /* Products */;
			projectDirPath = "";
			projectRoot = "";
			targets = (
				05443AC62543EA7800AAF0B8 /* Swift Vocabulary */,
			);
		};
/* End PBXProject section */

/* Begin PBXResourcesBuildPhase section */
		05443AC52543EA7800AAF0B8 /* Resources */ = {
			isa = PBXResourcesBuildPhase;
			buildActionMask = 2147483647;
			files = (
				05443AD72543EA7A00AAF0B8 /* LaunchScreen.storyboard in Resources */,
				05443AD42543EA7A00AAF0B8 /* Assets.xcassets in Resources */,
				05443AD22543EA7800AAF0B8 /* Main.storyboard in Resources */,
			);
			runOnlyForDeploymentPostprocessing = 0;
		};
/* End PBXResourcesBuildPhase section */

/* Begin PBXSourcesBuildPhase section */
		05443AC32543EA7800AAF0B8 /* Sources */ = {
			isa = PBXSourcesBuildPhase;
			buildActionMask = 2147483647;
			files = (
				05443ACB2543EA7800AAF0B8 /* AppDelegate.swift in Sources */,
				05443ACD2543EA7800AAF0B8 /* SceneDelegate.swift in Sources */,
				05443AED2543EDB600AAF0B8 /* VocabularyWord.swift in Sources */,
				05443AE02543EAB200AAF0B8 /* WordsTableViewController.swift in Sources */,
				05443AE32543EADB00AAF0B8 /* DefinitionViewController.swift in Sources */,
			);
			runOnlyForDeploymentPostprocessing = 0;
		};
/* End PBXSourcesBuildPhase section */

/* Begin PBXVariantGroup section */
		05443AD02543EA7800AAF0B8 /* Main.storyboard */ = {
			isa = PBXVariantGroup;
			children = (
				05443AD12543EA7800AAF0B8 /* Base */,
			);
			name = Main.storyboard;
			sourceTree = "<group>";
		};
		05443AD52543EA7A00AAF0B8 /* LaunchScreen.storyboard */ = {
			isa = PBXVariantGroup;
			children = (
				05443AD62543EA7A00AAF0B8 /* Base */,
			);
			name = LaunchScreen.storyboard;
			sourceTree = "<group>";
		};
/* End PBXVariantGroup section */

/* Begin XCBuildConfiguration section */
		05443AD92543EA7A00AAF0B8 /* Debug */ = {
			isa = XCBuildConfiguration;
			buildSettings = {
				ALWAYS_SEARCH_USER_PATHS = NO;
				CLANG_ANALYZER_NONNULL = YES;
				CLANG_ANALYZER_NUMBER_OBJECT_CONVERSION = YES_AGGRESSIVE;
				CLANG_CXX_LANGUAGE_STANDARD = "gnu++14";
				CLANG_CXX_LIBRARY = "libc++";
				CLANG_ENABLE_MODULES = YES;
				CLANG_ENABLE_OBJC_ARC = YES;
				CLANG_ENABLE_OBJC_WEAK = YES;
				CLANG_WARN_BLOCK_CAPTURE_AUTORELEASING = YES;
				CLANG_WARN_BOOL_CONVERSION = YES;
				CLANG_WARN_COMMA = YES;
				CLANG_WARN_CONSTANT_CONVERSION = YES;
				CLANG_WARN_DEPRECATED_OBJC_IMPLEMENTATIONS = YES;
				CLANG_WARN_DIRECT_OBJC_ISA_USAGE = YES_ERROR;
				CLANG_WARN_DOCUMENTATION_COMMENTS = YES;
				CLANG_WARN_EMPTY_BODY = YES;
				CLANG_WARN_ENUM_CONVERSION = YES;
				CLANG_WARN_INFINITE_RECURSION = YES;
				CLANG_WARN_INT_CONVERSION = YES;
				CLANG_WARN_NON_LITERAL_NULL_CONVERSION = YES;
				CLANG_WARN_OBJC_IMPLICIT_RETAIN_SELF = YES;
				CLANG_WARN_OBJC_LITERAL_CONVERSION = YES;
				CLANG_WARN_OBJC_ROOT_CLASS = YES_ERROR;
				CLANG_WARN_QUOTED_INCLUDE_IN_FRAMEWORK_HEADER = YES;
				CLANG_WARN_RANGE_LOOP_ANALYSIS = YES;
				CLANG_WARN_STRICT_PROTOTYPES = YES;
				CLANG_WARN_SUSPICIOUS_MOVE = YES;
				CLANG_WARN_UNGUARDED_AVAILABILITY = YES_AGGRESSIVE;
				CLANG_WARN_UNREACHABLE_CODE = YES;
				CLANG_WARN__DUPLICATE_METHOD_MATCH = YES;
				COPY_PHASE_STRIP = NO;
				DEBUG_INFORMATION_FORMAT = dwarf;
				ENABLE_STRICT_OBJC_MSGSEND = YES;
				ENABLE_TESTABILITY = YES;
				GCC_C_LANGUAGE_STANDARD = gnu11;
				GCC_DYNAMIC_NO_PIC = NO;
				GCC_NO_COMMON_BLOCKS = YES;
				GCC_OPTIMIZATION_LEVEL = 0;
				GCC_PREPROCESSOR_DEFINITIONS = (
					"DEBUG=1",
					"$(inherited)",
				);
				GCC_WARN_64_TO_32_BIT_CONVERSION = YES;
				GCC_WARN_ABOUT_RETURN_TYPE = YES_ERROR;
				GCC_WARN_UNDECLARED_SELECTOR = YES;
				GCC_WARN_UNINITIALIZED_AUTOS = YES_AGGRESSIVE;
				GCC_WARN_UNUSED_FUNCTION = YES;
				GCC_WARN_UNUSED_VARIABLE = YES;
				IPHONEOS_DEPLOYMENT_TARGET = 14.1;
				MTL_ENABLE_DEBUG_INFO = INCLUDE_SOURCE;
				MTL_FAST_MATH = YES;
				ONLY_ACTIVE_ARCH = YES;
				SDKROOT = iphoneos;
				SWIFT_ACTIVE_COMPILATION_CONDITIONS = DEBUG;
				SWIFT_OPTIMIZATION_LEVEL = "-Onone";
			};
			name = Debug;
		};
		05443ADA2543EA7A00AAF0B8 /* Release */ = {
			isa = XCBuildConfiguration;
			buildSettings = {
				ALWAYS_SEARCH_USER_PATHS = NO;
				CLANG_ANALYZER_NONNULL = YES;
				CLANG_ANALYZER_NUMBER_OBJECT_CONVERSION = YES_AGGRESSIVE;
				CLANG_CXX_LANGUAGE_STANDARD = "gnu++14";
				CLANG_CXX_LIBRARY = "libc++";
				CLANG_ENABLE_MODULES = YES;
				CLANG_ENABLE_OBJC_ARC = YES;
				CLANG_ENABLE_OBJC_WEAK = YES;
				CLANG_WARN_BLOCK_CAPTURE_AUTORELEASING = YES;
				CLANG_WARN_BOOL_CONVERSION = YES;
				CLANG_WARN_COMMA = YES;
				CLANG_WARN_CONSTANT_CONVERSION = YES;
				CLANG_WARN_DEPRECATED_OBJC_IMPLEMENTATIONS = YES;
				CLANG_WARN_DIRECT_OBJC_ISA_USAGE = YES_ERROR;
				CLANG_WARN_DOCUMENTATION_COMMENTS = YES;
				CLANG_WARN_EMPTY_BODY = YES;
				CLANG_WARN_ENUM_CONVERSION = YES;
				CLANG_WARN_INFINITE_RECURSION = YES;
				CLANG_WARN_INT_CONVERSION = YES;
				CLANG_WARN_NON_LITERAL_NULL_CONVERSION = YES;
				CLANG_WARN_OBJC_IMPLICIT_RETAIN_SELF = YES;
				CLANG_WARN_OBJC_LITERAL_CONVERSION = YES;
				CLANG_WARN_OBJC_ROOT_CLASS = YES_ERROR;
				CLANG_WARN_QUOTED_INCLUDE_IN_FRAMEWORK_HEADER = YES;
				CLANG_WARN_RANGE_LOOP_ANALYSIS = YES;
				CLANG_WARN_STRICT_PROTOTYPES = YES;
				CLANG_WARN_SUSPICIOUS_MOVE = YES;
				CLANG_WARN_UNGUARDED_AVAILABILITY = YES_AGGRESSIVE;
				CLANG_WARN_UNREACHABLE_CODE = YES;
				CLANG_WARN__DUPLICATE_METHOD_MATCH = YES;
				COPY_PHASE_STRIP = NO;
				DEBUG_INFORMATION_FORMAT = "dwarf-with-dsym";
				ENABLE_NS_ASSERTIONS = NO;
				ENABLE_STRICT_OBJC_MSGSEND = YES;
				GCC_C_LANGUAGE_STANDARD = gnu11;
				GCC_NO_COMMON_BLOCKS = YES;
				GCC_WARN_64_TO_32_BIT_CONVERSION = YES;
				GCC_WARN_ABOUT_RETURN_TYPE = YES_ERROR;
				GCC_WARN_UNDECLARED_SELECTOR = YES;
				GCC_WARN_UNINITIALIZED_AUTOS = YES_AGGRESSIVE;
				GCC_WARN_UNUSED_FUNCTION = YES;
				GCC_WARN_UNUSED_VARIABLE = YES;
				IPHONEOS_DEPLOYMENT_TARGET = 14.1;
				MTL_ENABLE_DEBUG_INFO = NO;
				MTL_FAST_MATH = YES;
				SDKROOT = iphoneos;
				SWIFT_COMPILATION_MODE = wholemodule;
				SWIFT_OPTIMIZATION_LEVEL = "-O";
				VALIDATE_PRODUCT = YES;
			};
			name = Release;
		};
		05443ADC2543EA7A00AAF0B8 /* Debug */ = {
			isa = XCBuildConfiguration;
			buildSettings = {
				ASSETCATALOG_COMPILER_APPICON_NAME = AppIcon;
				ASSETCATALOG_COMPILER_GLOBAL_ACCENT_COLOR_NAME = AccentColor;
				CODE_SIGN_STYLE = Automatic;
				DEVELOPMENT_TEAM = 7A3R2B8SCD;
				INFOPLIST_FILE = "Swift Vocabulary/Info.plist";
				LD_RUNPATH_SEARCH_PATHS = (
					"$(inherited)",
					"@executable_path/Frameworks",
				);
				PRODUCT_BUNDLE_IDENTIFIER = "com.MarcJacques.Swift-Vocabulary";
				PRODUCT_NAME = "$(TARGET_NAME)";
				SWIFT_VERSION = 5.0;
				TARGETED_DEVICE_FAMILY = "1,2";
			};
			name = Debug;
		};
		05443ADD2543EA7A00AAF0B8 /* Release */ = {
			isa = XCBuildConfiguration;
			buildSettings = {
				ASSETCATALOG_COMPILER_APPICON_NAME = AppIcon;
				ASSETCATALOG_COMPILER_GLOBAL_ACCENT_COLOR_NAME = AccentColor;
				CODE_SIGN_STYLE = Automatic;
				DEVELOPMENT_TEAM = 7A3R2B8SCD;
				INFOPLIST_FILE = "Swift Vocabulary/Info.plist";
				LD_RUNPATH_SEARCH_PATHS = (
					"$(inherited)",
					"@executable_path/Frameworks",
				);
				PRODUCT_BUNDLE_IDENTIFIER = "com.MarcJacques.Swift-Vocabulary";
				PRODUCT_NAME = "$(TARGET_NAME)";
				SWIFT_VERSION = 5.0;
				TARGETED_DEVICE_FAMILY = "1,2";
			};
			name = Release;
		};
/* End XCBuildConfiguration section */

/* Begin XCConfigurationList section */
		05443AC22543EA7700AAF0B8 /* Build configuration list for PBXProject "Swift Vocabulary" */ = {
			isa = XCConfigurationList;
			buildConfigurations = (
				05443AD92543EA7A00AAF0B8 /* Debug */,
				05443ADA2543EA7A00AAF0B8 /* Release */,
			);
			defaultConfigurationIsVisible = 0;
			defaultConfigurationName = Release;
		};
		05443ADB2543EA7A00AAF0B8 /* Build configuration list for PBXNativeTarget "Swift Vocabulary" */ = {
			isa = XCConfigurationList;
			buildConfigurations = (
				05443ADC2543EA7A00AAF0B8 /* Debug */,
				05443ADD2543EA7A00AAF0B8 /* Release */,
			);
			defaultConfigurationIsVisible = 0;
			defaultConfigurationName = Release;
		};
/* End XCConfigurationList section */
	};
	rootObject = 05443ABF2543EA7700AAF0B8 /* Project object */;
}
